// !$*UTF8*$!
{
	archiveVersion = 1;
	classes = {
	};
	objectVersion = 50;
	objects = {

/* Begin PBXBuildFile section */
		D48D5063228ABCA900B34AAB /* AppDelegate.swift in Sources */ = {isa = PBXBuildFile; fileRef = D48D5062228ABCA900B34AAB /* AppDelegate.swift */; };
		D48D5065228ABCA900B34AAB /* ViewController.swift in Sources */ = {isa = PBXBuildFile; fileRef = D48D5064228ABCA900B34AAB /* ViewController.swift */; };
		D48D5068228ABCA900B34AAB /* Main.storyboard in Resources */ = {isa = PBXBuildFile; fileRef = D48D5066228ABCA900B34AAB /* Main.storyboard */; };
		D48D506A228ABCAC00B34AAB /* Assets.xcassets in Resources */ = {isa = PBXBuildFile; fileRef = D48D5069228ABCAC00B34AAB /* Assets.xcassets */; };
		D48D506D228ABCAC00B34AAB /* LaunchScreen.storyboard in Resources */ = {isa = PBXBuildFile; fileRef = D48D506B228ABCAC00B34AAB /* LaunchScreen.storyboard */; };
		D48D5076228ABD8200B34AAB /* TagCell.swift in Sources */ = {isa = PBXBuildFile; fileRef = D48D5074228ABD8200B34AAB /* TagCell.swift */; };
		D48D5077228ABD8200B34AAB /* TagCell.xib in Resources */ = {isa = PBXBuildFile; fileRef = D48D5075228ABD8200B34AAB /* TagCell.xib */; };
		D48D5079228AC13F00B34AAB /* FlowLayout.swift in Sources */ = {isa = PBXBuildFile; fileRef = D48D5078228AC13F00B34AAB /* FlowLayout.swift */; };
/* End PBXBuildFile section */

/* Begin PBXFileReference section */
		D48D505F228ABCA900B34AAB /* Tag Flow Layout.app */ = {isa = PBXFileReference; explicitFileType = wrapper.application; includeInIndex = 0; path = "Tag Flow Layout.app"; sourceTree = BUILT_PRODUCTS_DIR; };
		D48D5062228ABCA900B34AAB /* AppDelegate.swift */ = {isa = PBXFileReference; lastKnownFileType = sourcecode.swift; path = AppDelegate.swift; sourceTree = "<group>"; };
		D48D5064228ABCA900B34AAB /* ViewController.swift */ = {isa = PBXFileReference; lastKnownFileType = sourcecode.swift; path = ViewController.swift; sourceTree = "<group>"; };
		D48D5067228ABCA900B34AAB /* Base */ = {isa = PBXFileReference; lastKnownFileType = file.storyboard; name = Base; path = Base.lproj/Main.storyboard; sourceTree = "<group>"; };
		D48D5069228ABCAC00B34AAB /* Assets.xcassets */ = {isa = PBXFileReference; lastKnownFileType = folder.assetcatalog; path = Assets.xcassets; sourceTree = "<group>"; };
		D48D506C228ABCAC00B34AAB /* Base */ = {isa = PBXFileReference; lastKnownFileType = file.storyboard; name = Base; path = Base.lproj/LaunchScreen.storyboard; sourceTree = "<group>"; };
		D48D506E228ABCAC00B34AAB /* Info.plist */ = {isa = PBXFileReference; lastKnownFileType = text.plist.xml; path = Info.plist; sourceTree = "<group>"; };
		D48D5074228ABD8200B34AAB /* TagCell.swift */ = {isa = PBXFileReference; lastKnownFileType = sourcecode.swift; path = TagCell.swift; sourceTree = "<group>"; };
		D48D5075228ABD8200B34AAB /* TagCell.xib */ = {isa = PBXFileReference; lastKnownFileType = file.xib; path = TagCell.xib; sourceTree = "<group>"; };
		D48D5078228AC13F00B34AAB /* FlowLayout.swift */ = {isa = PBXFileReference; lastKnownFileType = sourcecode.swift; path = FlowLayout.swift; sourceTree = "<group>"; };
/* End PBXFileReference section */

/* Begin PBXFrameworksBuildPhase section */
		D48D505C228ABCA900B34AAB /* Frameworks */ = {
			isa = PBXFrameworksBuildPhase;
			buildActionMask = 2147483647;
			files = (
			);
			runOnlyForDeploymentPostprocessing = 0;
		};
/* End PBXFrameworksBuildPhase section */

/* Begin PBXGroup section */
		D48D5056228ABCA900B34AAB = {
			isa = PBXGroup;
			children = (
				D48D5061228ABCA900B34AAB /* Tag Flow Layout */,
				D48D5060228ABCA900B34AAB /* Products */,
			);
			sourceTree = "<group>";
		};
		D48D5060228ABCA900B34AAB /* Products */ = {
			isa = PBXGroup;
			children = (
				D48D505F228ABCA900B34AAB /* Tag Flow Layout.app */,
			);
			name = Products;
			sourceTree = "<group>";
		};
		D48D5061228ABCA900B34AAB /* Tag Flow Layout */ = {
			isa = PBXGroup;
			children = (
				D48D5078228AC13F00B34AAB /* FlowLayout.swift */,
				D48D5074228ABD8200B34AAB /* TagCell.swift */,
				D48D5075228ABD8200B34AAB /* TagCell.xib */,
				D48D5062228ABCA900B34AAB /* AppDelegate.swift */,
				D48D5064228ABCA900B34AAB /* ViewController.swift */,
				D48D5066228ABCA900B34AAB /* Main.storyboard */,
				D48D5069228ABCAC00B34AAB /* Assets.xcassets */,
				D48D506B228ABCAC00B34AAB /* LaunchScreen.storyboard */,
				D48D506E228ABCAC00B34AAB /* Info.plist */,
			);
			path = "Tag Flow Layout";
			sourceTree = "<group>";
		};
/* End PBXGroup section */

/* Begin PBXNativeTarget section */
		D48D505E228ABCA900B34AAB /* Tag Flow Layout */ = {
			isa = PBXNativeTarget;
			buildConfigurationList = D48D5071228ABCAC00B34AAB /* Build configuration list for PBXNativeTarget "Tag Flow Layout" */;
			buildPhases = (
				D48D505B228ABCA900B34AAB /* Sources */,
				D48D505C228ABCA900B34AAB /* Frameworks */,
				D48D505D228ABCA900B34AAB /* Resources */,
			);
			buildRules = (
			);
			dependencies = (
			);
			name = "Tag Flow Layout";
			productName = "Tag Flow Layout";
			productReference = D48D505F228ABCA900B34AAB /* Tag Flow Layout.app */;
			productType = "com.apple.product-type.application";
		};
/* End PBXNativeTarget section */

/* Begin PBXProject section */
		D48D5057228ABCA900B34AAB /* Project object */ = {
			isa = PBXProject;
			attributes = {
				LastSwiftUpdateCheck = 1020;
				LastUpgradeCheck = 1020;
				ORGANIZATIONNAME = "Pawan Kumar";
				TargetAttributes = {
					D48D505E228ABCA900B34AAB = {
						CreatedOnToolsVersion = 10.2.1;
					};
				};
			};
			buildConfigurationList = D48D505A228ABCA900B34AAB /* Build configuration list for PBXProject "Tag Flow Layout" */;
			compatibilityVersion = "Xcode 9.3";
			developmentRegion = en;
			hasScannedForEncodings = 0;
			knownRegions = (
				en,
				Base,
			);
			mainGroup = D48D5056228ABCA900B34AAB;
			productRefGroup = D48D5060228ABCA900B34AAB /* Products */;
			projectDirPath = "";
			projectRoot = "";
			targets = (
				D48D505E228ABCA900B34AAB /* Tag Flow Layout */,
			);
		};
/* End PBXProject section */

/* Begin PBXResourcesBuildPhase section */
		D48D505D228ABCA900B34AAB /* Resources */ = {
			isa = PBXResourcesBuildPhase;
			buildActionMask = 2147483647;
			files = (
				D48D5077228ABD8200B34AAB /* TagCell.xib in Resources */,
				D48D506D228ABCAC00B34AAB /* LaunchScreen.storyboard in Resources */,
				D48D506A228ABCAC00B34AAB /* Assets.xcassets in Resources */,
				D48D5068228ABCA900B34AAB /* Main.storyboard in Resources */,
			);
			runOnlyForDeploymentPostprocessing = 0;
		};
/* End PBXResourcesBuildPhase section */

/* Begin PBXSourcesBuildPhase section */
		D48D505B228ABCA900B34AAB /* Sources */ = {
			isa = PBXSourcesBuildPhase;
			buildActionMask = 2147483647;
			files = (
				D48D5065228ABCA900B34AAB /* ViewController.swift in Sources */,
				D48D5079228AC13F00B34AAB /* FlowLayout.swift in Sources */,
				D48D5063228ABCA900B34AAB /* AppDelegate.swift in Sources */,
				D48D5076228ABD8200B34AAB /* TagCell.swift in Sources */,
			);
			runOnlyForDeploymentPostprocessing = 0;
		};
/* End PBXSourcesBuildPhase section */

/* Begin PBXVariantGroup section */
		D48D5066228ABCA900B34AAB /* Main.storyboard */ = {
			isa = PBXVariantGroup;
			children = (
				D48D5067228ABCA900B34AAB /* Base */,
			);
			name = Main.storyboard;
			sourceTree = "<group>";
		};
		D48D506B228ABCAC00B34AAB /* LaunchScreen.storyboard */ = {
			isa = PBXVariantGroup;
			children = (
				D48D506C228ABCAC00B34AAB /* Base */,
			);
			name = LaunchScreen.storyboard;
			sourceTree = "<group>";
		};
/* End PBXVariantGroup section */

/* Begin XCBuildConfiguration section */
		D48D506F228ABCAC00B34AAB /* Debug */ = {
			isa = XCBuildConfiguration;
			buildSettings = {
				ALWAYS_SEARCH_USER_PATHS = NO;
				CLANG_ANALYZER_NONNULL = YES;
				CLANG_ANALYZER_NUMBER_OBJECT_CONVERSION = YES_AGGRESSIVE;
				CLANG_CXX_LANGUAGE_STANDARD = "gnu++14";
				CLANG_CXX_LIBRARY = "libc++";
				CLANG_ENABLE_MODULES = YES;
				CLANG_ENABLE_OBJC_ARC = YES;
				CLANG_ENABLE_OBJC_WEAK = YES;
				CLANG_WARN_BLOCK_CAPTURE_AUTORELEASING = YES;
				CLANG_WARN_BOOL_CONVERSION = YES;
				CLANG_WARN_COMMA = YES;
				CLANG_WARN_CONSTANT_CONVERSION = YES;
				CLANG_WARN_DEPRECATED_OBJC_IMPLEMENTATIONS = YES;
				CLANG_WARN_DIRECT_OBJC_ISA_USAGE = YES_ERROR;
				CLANG_WARN_DOCUMENTATION_COMMENTS = YES;
				CLANG_WARN_EMPTY_BODY = YES;
				CLANG_WARN_ENUM_CONVERSION = YES;
				CLANG_WARN_INFINITE_RECURSION = YES;
				CLANG_WARN_INT_CONVERSION = YES;
				CLANG_WARN_NON_LITERAL_NULL_CONVERSION = YES;
				CLANG_WARN_OBJC_IMPLICIT_RETAIN_SELF = YES;
				CLANG_WARN_OBJC_LITERAL_CONVERSION = YES;
				CLANG_WARN_OBJC_ROOT_CLASS = YES_ERROR;
				CLANG_WARN_RANGE_LOOP_ANALYSIS = YES;
				CLANG_WARN_STRICT_PROTOTYPES = YES;
				CLANG_WARN_SUSPICIOUS_MOVE = YES;
				CLANG_WARN_UNGUARDED_AVAILABILITY = YES_AGGRESSIVE;
				CLANG_WARN_UNREACHABLE_CODE = YES;
				CLANG_WARN__DUPLICATE_METHOD_MATCH = YES;
				CODE_SIGN_IDENTITY = "iPhone Developer";
				COPY_PHASE_STRIP = NO;
				DEBUG_INFORMATION_FORMAT = dwarf;
				ENABLE_STRICT_OBJC_MSGSEND = YES;
				ENABLE_TESTABILITY = YES;
				GCC_C_LANGUAGE_STANDARD = gnu11;
				GCC_DYNAMIC_NO_PIC = NO;
				GCC_NO_COMMON_BLOCKS = YES;
				GCC_OPTIMIZATION_LEVEL = 0;
				GCC_PREPROCESSOR_DEFINITIONS = (
					"DEBUG=1",
					"$(inherited)",
				);
				GCC_WARN_64_TO_32_BIT_CONVERSION = YES;
				GCC_WARN_ABOUT_RETURN_TYPE = YES_ERROR;
				GCC_WARN_UNDECLARED_SELECTOR = YES;
				GCC_WARN_UNINITIALIZED_AUTOS = YES_AGGRESSIVE;
				GCC_WARN_UNUSED_FUNCTION = YES;
				GCC_WARN_UNUSED_VARIABLE = YES;
				IPHONEOS_DEPLOYMENT_TARGET = 9.0;
				MTL_ENABLE_DEBUG_INFO = INCLUDE_SOURCE;
				MTL_FAST_MATH = YES;
				ONLY_ACTIVE_ARCH = YES;
				SDKROOT = iphoneos;
				SWIFT_ACTIVE_COMPILATION_CONDITIONS = DEBUG;
				SWIFT_OPTIMIZATION_LEVEL = "-Onone";
			};
			name = Debug;
		};
		D48D5070228ABCAC00B34AAB /* Release */ = {
			isa = XCBuildConfiguration;
			buildSettings = {
				ALWAYS_SEARCH_USER_PATHS = NO;
				CLANG_ANALYZER_NONNULL = YES;
				CLANG_ANALYZER_NUMBER_OBJECT_CONVERSION = YES_AGGRESSIVE;
				CLANG_CXX_LANGUAGE_STANDARD = "gnu++14";
				CLANG_CXX_LIBRARY = "libc++";
				CLANG_ENABLE_MODULES = YES;
				CLANG_ENABLE_OBJC_ARC = YES;
				CLANG_ENABLE_OBJC_WEAK = YES;
				CLANG_WARN_BLOCK_CAPTURE_AUTORELEASING = YES;
				CLANG_WARN_BOOL_CONVERSION = YES;
				CLANG_WARN_COMMA = YES;
				CLANG_WARN_CONSTANT_CONVERSION = YES;
				CLANG_WARN_DEPRECATED_OBJC_IMPLEMENTATIONS = YES;
				CLANG_WARN_DIRECT_OBJC_ISA_USAGE = YES_ERROR;
				CLANG_WARN_DOCUMENTATION_COMMENTS = YES;
				CLANG_WARN_EMPTY_BODY = YES;
				CLANG_WARN_ENUM_CONVERSION = YES;
				CLANG_WARN_INFINITE_RECURSION = YES;
				CLANG_WARN_INT_CONVERSION = YES;
				CLANG_WARN_NON_LITERAL_NULL_CONVERSION = YES;
				CLANG_WARN_OBJC_IMPLICIT_RETAIN_SELF = YES;
				CLANG_WARN_OBJC_LITERAL_CONVERSION = YES;
				CLANG_WARN_OBJC_ROOT_CLASS = YES_ERROR;
				CLANG_WARN_RANGE_LOOP_ANALYSIS = YES;
				CLANG_WARN_STRICT_PROTOTYPES = YES;
				CLANG_WARN_SUSPICIOUS_MOVE = YES;
				CLANG_WARN_UNGUARDED_AVAILABILITY = YES_AGGRESSIVE;
				CLANG_WARN_UNREACHABLE_CODE = YES;
				CLANG_WARN__DUPLICATE_METHOD_MATCH = YES;
				CODE_SIGN_IDENTITY = "iPhone Developer";
				COPY_PHASE_STRIP = NO;
				DEBUG_INFORMATION_FORMAT = "dwarf-with-dsym";
				ENABLE_NS_ASSERTIONS = NO;
				ENABLE_STRICT_OBJC_MSGSEND = YES;
				GCC_C_LANGUAGE_STANDARD = gnu11;
				GCC_NO_COMMON_BLOCKS = YES;
				GCC_WARN_64_TO_32_BIT_CONVERSION = YES;
				GCC_WARN_ABOUT_RETURN_TYPE = YES_ERROR;
				GCC_WARN_UNDECLARED_SELECTOR = YES;
				GCC_WARN_UNINITIALIZED_AUTOS = YES_AGGRESSIVE;
				GCC_WARN_UNUSED_FUNCTION = YES;
				GCC_WARN_UNUSED_VARIABLE = YES;
				IPHONEOS_DEPLOYMENT_TARGET = 9.0;
				MTL_ENABLE_DEBUG_INFO = NO;
				MTL_FAST_MATH = YES;
				SDKROOT = iphoneos;
				SWIFT_COMPILATION_MODE = wholemodule;
				SWIFT_OPTIMIZATION_LEVEL = "-O";
				VALIDATE_PRODUCT = YES;
			};
			name = Release;
		};
		D48D5072228ABCAC00B34AAB /* Debug */ = {
			isa = XCBuildConfiguration;
			buildSettings = {
				ASSETCATALOG_COMPILER_APPICON_NAME = AppIcon;
				CODE_SIGN_STYLE = Automatic;
				INFOPLIST_FILE = "Tag Flow Layout/Info.plist";
				IPHONEOS_DEPLOYMENT_TARGET = 9.0;
				LD_RUNPATH_SEARCH_PATHS = (
					"$(inherited)",
					"@executable_path/Frameworks",
				);
				PRODUCT_BUNDLE_IDENTIFIER = "com.pk.Tag-Flow-Layout";
				PRODUCT_NAME = "$(TARGET_NAME)";
				SWIFT_VERSION = 5.0;
				TARGETED_DEVICE_FAMILY = "1,2";
			};
			name = Debug;
		};
		D48D5073228ABCAC00B34AAB /* Release */ = {
			isa = XCBuildConfiguration;
			buildSettings = {
				ASSETCATALOG_COMPILER_APPICON_NAME = AppIcon;
				CODE_SIGN_STYLE = Automatic;
				INFOPLIST_FILE = "Tag Flow Layout/Info.plist";
				IPHONEOS_DEPLOYMENT_TARGET = 9.0;
				LD_RUNPATH_SEARCH_PATHS = (
					"$(inherited)",
					"@executable_path/Frameworks",
				);
				PRODUCT_BUNDLE_IDENTIFIER = "com.pk.Tag-Flow-Layout";
				PRODUCT_NAME = "$(TARGET_NAME)";
				SWIFT_VERSION = 5.0;
				TARGETED_DEVICE_FAMILY = "1,2";
			};
			name = Release;
		};
/* End XCBuildConfiguration section */

/* Begin XCConfigurationList section */
		D48D505A228ABCA900B34AAB /* Build configuration list for PBXProject "Tag Flow Layout" */ = {
			isa = XCConfigurationList;
			buildConfigurations = (
				D48D506F228ABCAC00B34AAB /* Debug */,
				D48D5070228ABCAC00B34AAB /* Release */,
			);
			defaultConfigurationIsVisible = 0;
			defaultConfigurationName = Release;
		};
		D48D5071228ABCAC00B34AAB /* Build configuration list for PBXNativeTarget "Tag Flow Layout" */ = {
			isa = XCConfigurationList;
			buildConfigurations = (
				D48D5072228ABCAC00B34AAB /* Debug */,
				D48D5073228ABCAC00B34AAB /* Release */,
			);
			defaultConfigurationIsVisible = 0;
			defaultConfigurationName = Release;
		};
/* End XCConfigurationList section */
	};
	rootObject = D48D5057228ABCA900B34AAB /* Project object */;
}
